// !$*UTF8*$!
{
	archiveVersion = 1;
	classes = {
	};
	objectVersion = 77;
	objects = {

/* Begin PBXBuildFile section */
		261C508149B71C7A90FC2DAE /* CodexQuotaWidget.swift in Sources */ = {isa = PBXBuildFile; fileRef = D170EEC59AFA6788FD19B419 /* CodexQuotaWidget.swift */; };
		3C21AF130093CE4EDF5B354C /* Models.swift in Sources */ = {isa = PBXBuildFile; fileRef = C022DA14AA4316FBCF5F081B /* Models.swift */; };
		4A89BA1181C39D3F3FD37C0B /* Models.swift in Sources */ = {isa = PBXBuildFile; fileRef = C022DA14AA4316FBCF5F081B /* Models.swift */; };
		533ED26F971DA9E6F1A815A8 /* SwiftUI.framework in Frameworks */ = {isa = PBXBuildFile; fileRef = 960A6BF005C4FC02C4EE5DDC /* SwiftUI.framework */; };
		55F1BD4A32D79CFB04E4026A /* Models.swift in Sources */ = {isa = PBXBuildFile; fileRef = C022DA14AA4316FBCF5F081B /* Models.swift */; };
		694C4799A2F8B30B72AE96AF /* LICENSE in Resources */ = {isa = PBXBuildFile; fileRef = 96110E556936EC56D0926EEC /* LICENSE */; };
		6D8774DFE089AB085182C241 /* Assets.xcassets in Resources */ = {isa = PBXBuildFile; fileRef = D90EFD4E7F4907954FC97F03 /* Assets.xcassets */; };
		866C2AA46C14EFE256822820 /* Assets.xcassets in Resources */ = {isa = PBXBuildFile; fileRef = 0B8C4D7535782FAB90ADBC05 /* Assets.xcassets */; };
		8A909918C0A2B143C7E8FC66 /* CodexQuotaService.swift in Sources */ = {isa = PBXBuildFile; fileRef = 71A19D9D139F2735F0BBF4C8 /* CodexQuotaService.swift */; };
		8D8CB736BB345B5A7B78A696 /* HostModel.swift in Sources */ = {isa = PBXBuildFile; fileRef = 0A4B0A073C988BE4BA0DF5E1 /* HostModel.swift */; };
		9004E5AC493C2F58EB898596 /* WidgetKit.framework in Frameworks */ = {isa = PBXBuildFile; fileRef = 6523D103F2358D11905BB9EC /* WidgetKit.framework */; };
		905F59EDD8B6E1E76A50C0F9 /* WidgetKit.framework in Frameworks */ = {isa = PBXBuildFile; fileRef = 6523D103F2358D11905BB9EC /* WidgetKit.framework */; };
		93FB3C355E39AF04787BBC51 /* THIRD_PARTY_NOTICES.md in Resources */ = {isa = PBXBuildFile; fileRef = FC31775E1408F8AF17885389 /* THIRD_PARTY_NOTICES.md */; };
		98A29DDED7C0615F82E4CCDC /* QuotaResponseParser.swift in Sources */ = {isa = PBXBuildFile; fileRef = FBB433801760A626606F9975 /* QuotaResponseParser.swift */; };
		A19D4A89844B26759434D08A /* Codex_QuotaApp.swift in Sources */ = {isa = PBXBuildFile; fileRef = D3887C58AA5552C39C2E2DC9 /* Codex_QuotaApp.swift */; };
		A92EAB56072606272E0764B2 /* QuotaResponseParserTests.swift in Sources */ = {isa = PBXBuildFile; fileRef = FE2FA1846ABA2EE0E5A5FFDD /* QuotaResponseParserTests.swift */; };
		BB5C71586A904BDB8AF252A4 /* NOTICE in Resources */ = {isa = PBXBuildFile; fileRef = 18886A8CA1A4D7C9B4E1D1EF /* NOTICE */; };
		CC0AA894A3A84B7ED8AE7657 /* SharedSnapshotStore.swift in Sources */ = {isa = PBXBuildFile; fileRef = C59E278E861A7F78A23D9F12 /* SharedSnapshotStore.swift */; };
		D820EBA90C17B69088EE0CD8 /* QuotaResponseParser.swift in Sources */ = {isa = PBXBuildFile; fileRef = FBB433801760A626606F9975 /* QuotaResponseParser.swift */; };
		D95C2F7B6E2D15A5A0177B3E /* CodexQuotaWidgetExtension.appex in Embed Foundation Extensions */ = {isa = PBXBuildFile; fileRef = 2558900CF77B06D765823D1B /* CodexQuotaWidgetExtension.appex */; settings = {ATTRIBUTES = (RemoveHeadersOnCopy, ); }; };
		DA3346250044BABE3EF207E0 /* ContentView.swift in Sources */ = {isa = PBXBuildFile; fileRef = F91A672ECC4E89CD7DFA16D2 /* ContentView.swift */; };
		DCB0405F41DC746588199002 /* SwiftUI.framework in Frameworks */ = {isa = PBXBuildFile; fileRef = 960A6BF005C4FC02C4EE5DDC /* SwiftUI.framework */; };
		DE01AD62262FB3CB5F64BD06 /* AuthLoader.swift in Sources */ = {isa = PBXBuildFile; fileRef = C7E975184B3CF5CDDEC95523 /* AuthLoader.swift */; };
		F6CFC6B5716A4CF5BF3F302B /* SharedSnapshotStore.swift in Sources */ = {isa = PBXBuildFile; fileRef = C59E278E861A7F78A23D9F12 /* SharedSnapshotStore.swift */; };
		F823813E16E11CFFA87CFC88 /* ServiceManagement.framework in Frameworks */ = {isa = PBXBuildFile; fileRef = A2E072BFB2E6B7F3E710689C /* ServiceManagement.framework */; };
/* End PBXBuildFile section */

/* Begin PBXContainerItemProxy section */
		B85C9224B123023E57C4F0C4 /* PBXContainerItemProxy */ = {
			isa = PBXContainerItemProxy;
			containerPortal = A9F2481DB83032FEE409D794 /* Project object */;
			proxyType = 1;
			remoteGlobalIDString = 36E0983798647619BB38D556;
			remoteInfo = CodexQuotaWidgetExtension;
		};
/* End PBXContainerItemProxy section */

/* Begin PBXCopyFilesBuildPhase section */
		EC60D8035C24E67074677B37 /* Embed Foundation Extensions */ = {
			isa = PBXCopyFilesBuildPhase;
			buildActionMask = 2147483647;
			dstPath = "";
			dstSubfolderSpec = 13;
			files = (
				D95C2F7B6E2D15A5A0177B3E /* CodexQuotaWidgetExtension.appex in Embed Foundation Extensions */,
			);
			name = "Embed Foundation Extensions";
			runOnlyForDeploymentPostprocessing = 0;
		};
/* End PBXCopyFilesBuildPhase section */

/* Begin PBXFileReference section */
		0A4B0A073C988BE4BA0DF5E1 /* HostModel.swift */ = {isa = PBXFileReference; lastKnownFileType = sourcecode.swift; path = HostModel.swift; sourceTree = "<group>"; };
		0B8C4D7535782FAB90ADBC05 /* Assets.xcassets */ = {isa = PBXFileReference; lastKnownFileType = folder.assetcatalog; path = Assets.xcassets; sourceTree = "<group>"; };
		18886A8CA1A4D7C9B4E1D1EF /* NOTICE */ = {isa = PBXFileReference; path = NOTICE; sourceTree = "<group>"; };
		2558900CF77B06D765823D1B /* CodexQuotaWidgetExtension.appex */ = {isa = PBXFileReference; explicitFileType = "wrapper.app-extension"; includeInIndex = 0; path = CodexQuotaWidgetExtension.appex; sourceTree = BUILT_PRODUCTS_DIR; };
		6523D103F2358D11905BB9EC /* WidgetKit.framework */ = {isa = PBXFileReference; lastKnownFileType = wrapper.framework; name = WidgetKit.framework; path = System/Library/Frameworks/WidgetKit.framework; sourceTree = SDKROOT; };
		71A19D9D139F2735F0BBF4C8 /* CodexQuotaService.swift */ = {isa = PBXFileReference; lastKnownFileType = sourcecode.swift; path = CodexQuotaService.swift; sourceTree = "<group>"; };
		960A6BF005C4FC02C4EE5DDC /* SwiftUI.framework */ = {isa = PBXFileReference; lastKnownFileType = wrapper.framework; name = SwiftUI.framework; path = System/Library/Frameworks/SwiftUI.framework; sourceTree = SDKROOT; };
		96110E556936EC56D0926EEC /* LICENSE */ = {isa = PBXFileReference; path = LICENSE; sourceTree = "<group>"; };
		9E1D15DB0F78AE08E8FF7BC4 /* Codex-QuotaTests.xctest */ = {isa = PBXFileReference; explicitFileType = wrapper.cfbundle; includeInIndex = 0; path = "Codex-QuotaTests.xctest"; sourceTree = BUILT_PRODUCTS_DIR; };
		A2E072BFB2E6B7F3E710689C /* ServiceManagement.framework */ = {isa = PBXFileReference; lastKnownFileType = wrapper.framework; name = ServiceManagement.framework; path = System/Library/Frameworks/ServiceManagement.framework; sourceTree = SDKROOT; };
		A5E17EF1789FE90960BE29AC /* Codex Quota.app */ = {isa = PBXFileReference; explicitFileType = wrapper.application; includeInIndex = 0; path = "Codex Quota.app"; sourceTree = BUILT_PRODUCTS_DIR; };
		C022DA14AA4316FBCF5F081B /* Models.swift */ = {isa = PBXFileReference; lastKnownFileType = sourcecode.swift; path = Models.swift; sourceTree = "<group>"; };
		C59E278E861A7F78A23D9F12 /* SharedSnapshotStore.swift */ = {isa = PBXFileReference; lastKnownFileType = sourcecode.swift; path = SharedSnapshotStore.swift; sourceTree = "<group>"; };
		C7E975184B3CF5CDDEC95523 /* AuthLoader.swift */ = {isa = PBXFileReference; lastKnownFileType = sourcecode.swift; path = AuthLoader.swift; sourceTree = "<group>"; };
		D170EEC59AFA6788FD19B419 /* CodexQuotaWidget.swift */ = {isa = PBXFileReference; lastKnownFileType = sourcecode.swift; path = CodexQuotaWidget.swift; sourceTree = "<group>"; };
		D3887C58AA5552C39C2E2DC9 /* Codex_QuotaApp.swift */ = {isa = PBXFileReference; lastKnownFileType = sourcecode.swift; path = Codex_QuotaApp.swift; sourceTree = "<group>"; };
		D90EFD4E7F4907954FC97F03 /* Assets.xcassets */ = {isa = PBXFileReference; lastKnownFileType = folder.assetcatalog; path = Assets.xcassets; sourceTree = "<group>"; };
		F91A672ECC4E89CD7DFA16D2 /* ContentView.swift */ = {isa = PBXFileReference; lastKnownFileType = sourcecode.swift; path = ContentView.swift; sourceTree = "<group>"; };
		FBB433801760A626606F9975 /* QuotaResponseParser.swift */ = {isa = PBXFileReference; lastKnownFileType = sourcecode.swift; path = QuotaResponseParser.swift; sourceTree = "<group>"; };
		FC31775E1408F8AF17885389 /* THIRD_PARTY_NOTICES.md */ = {isa = PBXFileReference; lastKnownFileType = net.daringfireball.markdown; path = THIRD_PARTY_NOTICES.md; sourceTree = "<group>"; };
		FE2FA1846ABA2EE0E5A5FFDD /* QuotaResponseParserTests.swift */ = {isa = PBXFileReference; lastKnownFileType = sourcecode.swift; path = QuotaResponseParserTests.swift; sourceTree = "<group>"; };
/* End PBXFileReference section */

/* Begin PBXFrameworksBuildPhase section */
		C651F1D7C93970DA6A117785 /* Frameworks */ = {
			isa = PBXFrameworksBuildPhase;
			buildActionMask = 2147483647;
			files = (
				F823813E16E11CFFA87CFC88 /* ServiceManagement.framework in Frameworks */,
				DCB0405F41DC746588199002 /* SwiftUI.framework in Frameworks */,
				905F59EDD8B6E1E76A50C0F9 /* WidgetKit.framework in Frameworks */,
			);
			runOnlyForDeploymentPostprocessing = 0;
		};
		EEFF5DF524241505E0C7BB82 /* Frameworks */ = {
			isa = PBXFrameworksBuildPhase;
			buildActionMask = 2147483647;
			files = (
				533ED26F971DA9E6F1A815A8 /* SwiftUI.framework in Frameworks */,
				9004E5AC493C2F58EB898596 /* WidgetKit.framework in Frameworks */,
			);
			runOnlyForDeploymentPostprocessing = 0;
		};
/* End PBXFrameworksBuildPhase section */

/* Begin PBXGroup section */
		158D4C324F9F3DA7018894A9 /* Products */ = {
			isa = PBXGroup;
			children = (
				A5E17EF1789FE90960BE29AC /* Codex Quota.app */,
				9E1D15DB0F78AE08E8FF7BC4 /* Codex-QuotaTests.xctest */,
				2558900CF77B06D765823D1B /* CodexQuotaWidgetExtension.appex */,
			);
			name = Products;
			sourceTree = "<group>";
		};
		5CC4417AE312C4662947F69D /* Core */ = {
			isa = PBXGroup;
			children = (
				C7E975184B3CF5CDDEC95523 /* AuthLoader.swift */,
				71A19D9D139F2735F0BBF4C8 /* CodexQuotaService.swift */,
				C022DA14AA4316FBCF5F081B /* Models.swift */,
				FBB433801760A626606F9975 /* QuotaResponseParser.swift */,
				C59E278E861A7F78A23D9F12 /* SharedSnapshotStore.swift */,
			);
			path = Core;
			sourceTree = "<group>";
		};
		77928BAEB621A766229445BC /* Frameworks */ = {
			isa = PBXGroup;
			children = (
				A2E072BFB2E6B7F3E710689C /* ServiceManagement.framework */,
				960A6BF005C4FC02C4EE5DDC /* SwiftUI.framework */,
				6523D103F2358D11905BB9EC /* WidgetKit.framework */,
			);
			name = Frameworks;
			sourceTree = "<group>";
		};
		84935CE99482C0D49FDB80B2 /* Codex-Quota */ = {
			isa = PBXGroup;
			children = (
				D90EFD4E7F4907954FC97F03 /* Assets.xcassets */,
				D3887C58AA5552C39C2E2DC9 /* Codex_QuotaApp.swift */,
				F91A672ECC4E89CD7DFA16D2 /* ContentView.swift */,
				0A4B0A073C988BE4BA0DF5E1 /* HostModel.swift */,
			);
			path = "Codex-Quota";
			sourceTree = "<group>";
		};
		B6F0F18C8194F530CE181944 /* Codex-QuotaTests */ = {
			isa = PBXGroup;
			children = (
				FE2FA1846ABA2EE0E5A5FFDD /* QuotaResponseParserTests.swift */,
			);
			path = "Codex-QuotaTests";
			sourceTree = "<group>";
		};
		DDAC4357ABDC53000B0EAE81 = {
			isa = PBXGroup;
			children = (
				96110E556936EC56D0926EEC /* LICENSE */,
				18886A8CA1A4D7C9B4E1D1EF /* NOTICE */,
				FC31775E1408F8AF17885389 /* THIRD_PARTY_NOTICES.md */,
				84935CE99482C0D49FDB80B2 /* Codex-Quota */,
				B6F0F18C8194F530CE181944 /* Codex-QuotaTests */,
				F22C601C0714C1C2284202B9 /* CodexQuotaWidget */,
				5CC4417AE312C4662947F69D /* Core */,
				77928BAEB621A766229445BC /* Frameworks */,
				158D4C324F9F3DA7018894A9 /* Products */,
			);
			sourceTree = "<group>";
		};
		F22C601C0714C1C2284202B9 /* CodexQuotaWidget */ = {
			isa = PBXGroup;
			children = (
				0B8C4D7535782FAB90ADBC05 /* Assets.xcassets */,
				D170EEC59AFA6788FD19B419 /* CodexQuotaWidget.swift */,
			);
			path = CodexQuotaWidget;
			sourceTree = "<group>";
		};
/* End PBXGroup section */

/* Begin PBXNativeTarget section */
		36E0983798647619BB38D556 /* CodexQuotaWidgetExtension */ = {
			isa = PBXNativeTarget;
			buildConfigurationList = 7111C9559F8C03E99F242F40 /* Build configuration list for PBXNativeTarget "CodexQuotaWidgetExtension" */;
			buildPhases = (
				CB7FE95396240F5E82ABBE3F /* Sources */,
				DE5CE5EB847F9CDE3448C255 /* Resources */,
				EEFF5DF524241505E0C7BB82 /* Frameworks */,
			);
			buildRules = (
			);
			dependencies = (
			);
			name = CodexQuotaWidgetExtension;
			packageProductDependencies = (
			);
			productName = CodexQuotaWidgetExtension;
			productReference = 2558900CF77B06D765823D1B /* CodexQuotaWidgetExtension.appex */;
			productType = "com.apple.product-type.app-extension";
		};
		6D082802FE4A13F55720AD2C /* Codex-Quota */ = {
			isa = PBXNativeTarget;
			buildConfigurationList = 67F2336EA63022411DFC11CE /* Build configuration list for PBXNativeTarget "Codex-Quota" */;
			buildPhases = (
				97A7D0D87E610A02EDE93978 /* Sources */,
				098C87373F1076BFE3BD14AC /* Resources */,
				C651F1D7C93970DA6A117785 /* Frameworks */,
				EC60D8035C24E67074677B37 /* Embed Foundation Extensions */,
			);
			buildRules = (
			);
			dependencies = (
				50972D560AE00CD66B7692FD /* PBXTargetDependency */,
			);
			name = "Codex-Quota";
			packageProductDependencies = (
			);
			productName = "Codex-Quota";
			productReference = A5E17EF1789FE90960BE29AC /* Codex Quota.app */;
			productType = "com.apple.product-type.application";
		};
		BD712DC819621307F1B2AF7E /* Codex-QuotaTests */ = {
			isa = PBXNativeTarget;
			buildConfigurationList = 662A6B10DB3995D9F3534A8C /* Build configuration list for PBXNativeTarget "Codex-QuotaTests" */;
			buildPhases = (
				7B459DCB786F7CD36A884AD6 /* Sources */,
			);
			buildRules = (
			);
			dependencies = (
			);
			name = "Codex-QuotaTests";
			packageProductDependencies = (
			);
			productName = "Codex-QuotaTests";
			productReference = 9E1D15DB0F78AE08E8FF7BC4 /* Codex-QuotaTests.xctest */;
			productType = "com.apple.product-type.bundle.unit-test";
		};
/* End PBXNativeTarget section */

/* Begin PBXProject section */
		A9F2481DB83032FEE409D794 /* Project object */ = {
			isa = PBXProject;
			attributes = {
				BuildIndependentTargetsInParallel = YES;
				LastUpgradeCheck = 1430;
				TargetAttributes = {
					36E0983798647619BB38D556 = {
						DevelopmentTeam = X9MB8SQZHF;
						ProvisioningStyle = Automatic;
					};
					6D082802FE4A13F55720AD2C = {
						DevelopmentTeam = X9MB8SQZHF;
						ProvisioningStyle = Automatic;
					};
					BD712DC819621307F1B2AF7E = {
						DevelopmentTeam = X9MB8SQZHF;
						ProvisioningStyle = Automatic;
					};
				};
			};
			buildConfigurationList = 0DD9EE05A5F8E86AB388DD40 /* Build configuration list for PBXProject "Codex-Quota" */;
			developmentRegion = en;
			hasScannedForEncodings = 0;
			knownRegions = (
				Base,
				en,
			);
			mainGroup = DDAC4357ABDC53000B0EAE81;
			minimizedProjectReferenceProxies = 1;
			preferredProjectObjectVersion = 77;
			productRefGroup = 158D4C324F9F3DA7018894A9 /* Products */;
			projectDirPath = "";
			projectRoot = "";
			targets = (
				6D082802FE4A13F55720AD2C /* Codex-Quota */,
				BD712DC819621307F1B2AF7E /* Codex-QuotaTests */,
				36E0983798647619BB38D556 /* CodexQuotaWidgetExtension */,
			);
		};
/* End PBXProject section */

/* Begin PBXResourcesBuildPhase section */
		098C87373F1076BFE3BD14AC /* Resources */ = {
			isa = PBXResourcesBuildPhase;
			buildActionMask = 2147483647;
			files = (
				6D8774DFE089AB085182C241 /* Assets.xcassets in Resources */,
				694C4799A2F8B30B72AE96AF /* LICENSE in Resources */,
				BB5C71586A904BDB8AF252A4 /* NOTICE in Resources */,
				93FB3C355E39AF04787BBC51 /* THIRD_PARTY_NOTICES.md in Resources */,
			);
			runOnlyForDeploymentPostprocessing = 0;
		};
		DE5CE5EB847F9CDE3448C255 /* Resources */ = {
			isa = PBXResourcesBuildPhase;
			buildActionMask = 2147483647;
			files = (
				866C2AA46C14EFE256822820 /* Assets.xcassets in Resources */,
			);
			runOnlyForDeploymentPostprocessing = 0;
		};
/* End PBXResourcesBuildPhase section */

/* Begin PBXSourcesBuildPhase section */
		7B459DCB786F7CD36A884AD6 /* Sources */ = {
			isa = PBXSourcesBuildPhase;
			buildActionMask = 2147483647;
			files = (
				55F1BD4A32D79CFB04E4026A /* Models.swift in Sources */,
				98A29DDED7C0615F82E4CCDC /* QuotaResponseParser.swift in Sources */,
				A92EAB56072606272E0764B2 /* QuotaResponseParserTests.swift in Sources */,
			);
			runOnlyForDeploymentPostprocessing = 0;
		};
		97A7D0D87E610A02EDE93978 /* Sources */ = {
			isa = PBXSourcesBuildPhase;
			buildActionMask = 2147483647;
			files = (
				DE01AD62262FB3CB5F64BD06 /* AuthLoader.swift in Sources */,
				8A909918C0A2B143C7E8FC66 /* CodexQuotaService.swift in Sources */,
				A19D4A89844B26759434D08A /* Codex_QuotaApp.swift in Sources */,
				DA3346250044BABE3EF207E0 /* ContentView.swift in Sources */,
				8D8CB736BB345B5A7B78A696 /* HostModel.swift in Sources */,
				3C21AF130093CE4EDF5B354C /* Models.swift in Sources */,
				D820EBA90C17B69088EE0CD8 /* QuotaResponseParser.swift in Sources */,
				F6CFC6B5716A4CF5BF3F302B /* SharedSnapshotStore.swift in Sources */,
			);
			runOnlyForDeploymentPostprocessing = 0;
		};
		CB7FE95396240F5E82ABBE3F /* Sources */ = {
			isa = PBXSourcesBuildPhase;
			buildActionMask = 2147483647;
			files = (
				261C508149B71C7A90FC2DAE /* CodexQuotaWidget.swift in Sources */,
				4A89BA1181C39D3F3FD37C0B /* Models.swift in Sources */,
				CC0AA894A3A84B7ED8AE7657 /* SharedSnapshotStore.swift in Sources */,
			);
			runOnlyForDeploymentPostprocessing = 0;
		};
/* End PBXSourcesBuildPhase section */

/* Begin PBXTargetDependency section */
		50972D560AE00CD66B7692FD /* PBXTargetDependency */ = {
			isa = PBXTargetDependency;
			target = 36E0983798647619BB38D556 /* CodexQuotaWidgetExtension */;
			targetProxy = B85C9224B123023E57C4F0C4 /* PBXContainerItemProxy */;
		};
/* End PBXTargetDependency section */

/* Begin XCBuildConfiguration section */
		144A03D73FD55AD46A19ACF3 /* Debug */ = {
			isa = XCBuildConfiguration;
			buildSettings = {
				ASSETCATALOG_COMPILER_APPICON_NAME = AppIcon;
				ASSETCATALOG_COMPILER_GLOBAL_ACCENT_COLOR_NAME = AccentColor;
				CODE_SIGN_ENTITLEMENTS = "Codex-Quota/Codex-Quota.entitlements";
				COMBINE_HIDPI_IMAGES = YES;
				ENABLE_APP_SANDBOX = NO;
				INFOPLIST_FILE = "Codex-Quota/Info.plist";
				LD_RUNPATH_SEARCH_PATHS = "$(inherited) @executable_path/../Frameworks";
				PRODUCT_BUNDLE_IDENTIFIER = "com.Zamisku.Codex-Quota";
				PRODUCT_NAME = "Codex Quota";
				REGISTER_APP_GROUPS = YES;
				SDKROOT = macosx;
			};
			name = Debug;
		};
		3B8FD426514FCC09E7D2C2B2 /* Release */ = {
			isa = XCBuildConfiguration;
			buildSettings = {
				BUNDLE_LOADER = "$(TEST_HOST)";
				COMBINE_HIDPI_IMAGES = YES;
				ENABLE_APP_SANDBOX = NO;
				GENERATE_INFOPLIST_FILE = YES;
				LD_RUNPATH_SEARCH_PATHS = (
					"$(inherited)",
					"@executable_path/../Frameworks",
					"@loader_path/../Frameworks",
				);
				PRODUCT_BUNDLE_IDENTIFIER = "com.Zamisku.Codex-Quota.tests";
				SDKROOT = macosx;
			};
			name = Release;
		};
		4D24548E3C74ACBC28232D89 /* Debug */ = {
			isa = XCBuildConfiguration;
			buildSettings = {
				APPLICATION_EXTENSION_API_ONLY = YES;
				ASSETCATALOG_COMPILER_GLOBAL_ACCENT_COLOR_NAME = AccentColor;
				ASSETCATALOG_COMPILER_WIDGET_BACKGROUND_COLOR_NAME = WidgetBackground;
				CODE_SIGN_ENTITLEMENTS = CodexQuotaWidget/CodexQuotaWidget.entitlements;
				COMBINE_HIDPI_IMAGES = YES;
				ENABLE_APP_SANDBOX = YES;
				INFOPLIST_FILE = CodexQuotaWidget/Info.plist;
				LD_RUNPATH_SEARCH_PATHS = "$(inherited) @executable_path/../Frameworks @executable_path/../../../../Frameworks";
				PRODUCT_BUNDLE_IDENTIFIER = "com.Zamisku.Codex-Quota.widget";
				PRODUCT_NAME = CodexQuotaWidgetExtension;
				REGISTER_APP_GROUPS = YES;
				SDKROOT = macosx;
				SKIP_INSTALL = YES;
			};
			name = Debug;
		};
		59D26B89A042A0649A549EBB /* Debug */ = {
			isa = XCBuildConfiguration;
			buildSettings = {
				BUNDLE_LOADER = "$(TEST_HOST)";
				COMBINE_HIDPI_IMAGES = YES;
				ENABLE_APP_SANDBOX = NO;
				GENERATE_INFOPLIST_FILE = YES;
				LD_RUNPATH_SEARCH_PATHS = (
					"$(inherited)",
					"@executable_path/../Frameworks",
					"@loader_path/../Frameworks",
				);
				PRODUCT_BUNDLE_IDENTIFIER = "com.Zamisku.Codex-Quota.tests";
				SDKROOT = macosx;
			};
			name = Debug;
		};
		718FE5A8F36372645652B282 /* Release */ = {
			isa = XCBuildConfiguration;
			buildSettings = {
				ALWAYS_SEARCH_USER_PATHS = NO;
				ARCHS = "$(ARCHS_STANDARD)";
				CLANG_ANALYZER_NONNULL = YES;
				CLANG_ANALYZER_NUMBER_OBJECT_CONVERSION = YES_AGGRESSIVE;
				CLANG_CXX_LANGUAGE_STANDARD = "gnu++14";
				CLANG_CXX_LIBRARY = "libc++";
				CLANG_ENABLE_MODULES = YES;
				CLANG_ENABLE_OBJC_ARC = YES;
				CLANG_ENABLE_OBJC_WEAK = YES;
				CLANG_WARN_BLOCK_CAPTURE_AUTORELEASING = YES;
				CLANG_WARN_BOOL_CONVERSION = YES;
				CLANG_WARN_COMMA = YES;
				CLANG_WARN_CONSTANT_CONVERSION = YES;
				CLANG_WARN_DEPRECATED_OBJC_IMPLEMENTATIONS = YES;
				CLANG_WARN_DIRECT_OBJC_ISA_USAGE = YES_ERROR;
				CLANG_WARN_DOCUMENTATION_COMMENTS = YES;
				CLANG_WARN_EMPTY_BODY = YES;
				CLANG_WARN_ENUM_CONVERSION = YES;
				CLANG_WARN_INFINITE_RECURSION = YES;
				CLANG_WARN_INT_CONVERSION = YES;
				CLANG_WARN_NON_LITERAL_NULL_CONVERSION = YES;
				CLANG_WARN_OBJC_IMPLICIT_RETAIN_SELF = YES;
				CLANG_WARN_OBJC_LITERAL_CONVERSION = YES;
				CLANG_WARN_OBJC_ROOT_CLASS = YES_ERROR;
				CLANG_WARN_QUOTED_INCLUDE_IN_FRAMEWORK_HEADER = YES;
				CLANG_WARN_RANGE_LOOP_ANALYSIS = YES;
				CLANG_WARN_STRICT_PROTOTYPES = YES;
				CLANG_WARN_SUSPICIOUS_MOVE = YES;
				CLANG_WARN_UNGUARDED_AVAILABILITY = YES_AGGRESSIVE;
				CLANG_WARN_UNREACHABLE_CODE = YES;
				CLANG_WARN__DUPLICATE_METHOD_MATCH = YES;
				CODE_SIGN_STYLE = Automatic;
				COPY_PHASE_STRIP = NO;
				CURRENT_PROJECT_VERSION = 5;
				DEBUG_INFORMATION_FORMAT = "dwarf-with-dsym";
				DEVELOPMENT_TEAM = X9MB8SQZHF;
				ENABLE_HARDENED_RUNTIME = YES;
				ENABLE_NS_ASSERTIONS = NO;
				ENABLE_STRICT_OBJC_MSGSEND = YES;
				GCC_C_LANGUAGE_STANDARD = gnu11;
				GCC_NO_COMMON_BLOCKS = YES;
				GCC_WARN_64_TO_32_BIT_CONVERSION = YES;
				GCC_WARN_ABOUT_RETURN_TYPE = YES_ERROR;
				GCC_WARN_UNDECLARED_SELECTOR = YES;
				GCC_WARN_UNINITIALIZED_AUTOS = YES_AGGRESSIVE;
				GCC_WARN_UNUSED_FUNCTION = YES;
				GCC_WARN_UNUSED_VARIABLE = YES;
				MACOSX_DEPLOYMENT_TARGET = 14.0;
				MARKETING_VERSION = 2.2.0;
				MTL_ENABLE_DEBUG_INFO = NO;
				MTL_FAST_MATH = YES;
				ONLY_ACTIVE_ARCH = NO;
				PRODUCT_NAME = "$(TARGET_NAME)";
				SDKROOT = macosx;
				SWIFT_COMPILATION_MODE = wholemodule;
				SWIFT_OPTIMIZATION_LEVEL = "-O";
				SWIFT_VERSION = 5.0;
			};
			name = Release;
		};
		8501B18750C30A6BE4C2C72A /* Release */ = {
			isa = XCBuildConfiguration;
			buildSettings = {
				ASSETCATALOG_COMPILER_APPICON_NAME = AppIcon;
				ASSETCATALOG_COMPILER_GLOBAL_ACCENT_COLOR_NAME = AccentColor;
				CODE_SIGN_ENTITLEMENTS = "Codex-Quota/Codex-Quota.entitlements";
				COMBINE_HIDPI_IMAGES = YES;
				ENABLE_APP_SANDBOX = NO;
				INFOPLIST_FILE = "Codex-Quota/Info.plist";
				LD_RUNPATH_SEARCH_PATHS = "$(inherited) @executable_path/../Frameworks";
				PRODUCT_BUNDLE_IDENTIFIER = "com.Zamisku.Codex-Quota";
				PRODUCT_NAME = "Codex Quota";
				REGISTER_APP_GROUPS = YES;
				SDKROOT = macosx;
			};
			name = Release;
		};
		D5FA6FB4A36232B4F7B3134F /* Debug */ = {
			isa = XCBuildConfiguration;
			buildSettings = {
				ALWAYS_SEARCH_USER_PATHS = NO;
				ARCHS = "$(ARCHS_STANDARD)";
				CLANG_ANALYZER_NONNULL = YES;
				CLANG_ANALYZER_NUMBER_OBJECT_CONVERSION = YES_AGGRESSIVE;
				CLANG_CXX_LANGUAGE_STANDARD = "gnu++14";
				CLANG_CXX_LIBRARY = "libc++";
				CLANG_ENABLE_MODULES = YES;
				CLANG_ENABLE_OBJC_ARC = YES;
				CLANG_ENABLE_OBJC_WEAK = YES;
				CLANG_WARN_BLOCK_CAPTURE_AUTORELEASING = YES;
				CLANG_WARN_BOOL_CONVERSION = YES;
				CLANG_WARN_COMMA = YES;
				CLANG_WARN_CONSTANT_CONVERSION = YES;
				CLANG_WARN_DEPRECATED_OBJC_IMPLEMENTATIONS = YES;
				CLANG_WARN_DIRECT_OBJC_ISA_USAGE = YES_ERROR;
				CLANG_WARN_DOCUMENTATION_COMMENTS = YES;
				CLANG_WARN_EMPTY_BODY = YES;
				CLANG_WARN_ENUM_CONVERSION = YES;
				CLANG_WARN_INFINITE_RECURSION = YES;
				CLANG_WARN_INT_CONVERSION = YES;
				CLANG_WARN_NON_LITERAL_NULL_CONVERSION = YES;
				CLANG_WARN_OBJC_IMPLICIT_RETAIN_SELF = YES;
				CLANG_WARN_OBJC_LITERAL_CONVERSION = YES;
				CLANG_WARN_OBJC_ROOT_CLASS = YES_ERROR;
				CLANG_WARN_QUOTED_INCLUDE_IN_FRAMEWORK_HEADER = YES;
				CLANG_WARN_RANGE_LOOP_ANALYSIS = YES;
				CLANG_WARN_STRICT_PROTOTYPES = YES;
				CLANG_WARN_SUSPICIOUS_MOVE = YES;
				CLANG_WARN_UNGUARDED_AVAILABILITY = YES_AGGRESSIVE;
				CLANG_WARN_UNREACHABLE_CODE = YES;
				CLANG_WARN__DUPLICATE_METHOD_MATCH = YES;
				CODE_SIGN_STYLE = Automatic;
				COPY_PHASE_STRIP = NO;
				CURRENT_PROJECT_VERSION = 5;
				DEBUG_INFORMATION_FORMAT = dwarf;
				DEVELOPMENT_TEAM = X9MB8SQZHF;
				ENABLE_HARDENED_RUNTIME = YES;
				ENABLE_STRICT_OBJC_MSGSEND = YES;
				ENABLE_TESTABILITY = YES;
				GCC_C_LANGUAGE_STANDARD = gnu11;
				GCC_DYNAMIC_NO_PIC = NO;
				GCC_NO_COMMON_BLOCKS = YES;
				GCC_OPTIMIZATION_LEVEL = 0;
				GCC_PREPROCESSOR_DEFINITIONS = (
					"$(inherited)",
					"DEBUG=1",
				);
				GCC_WARN_64_TO_32_BIT_CONVERSION = YES;
				GCC_WARN_ABOUT_RETURN_TYPE = YES_ERROR;
				GCC_WARN_UNDECLARED_SELECTOR = YES;
				GCC_WARN_UNINITIALIZED_AUTOS = YES_AGGRESSIVE;
				GCC_WARN_UNUSED_FUNCTION = YES;
				GCC_WARN_UNUSED_VARIABLE = YES;
				MACOSX_DEPLOYMENT_TARGET = 14.0;
				MARKETING_VERSION = 2.2.0;
				MTL_ENABLE_DEBUG_INFO = INCLUDE_SOURCE;
				MTL_FAST_MATH = YES;
				ONLY_ACTIVE_ARCH = NO;
				PRODUCT_NAME = "$(TARGET_NAME)";
				SDKROOT = macosx;
				SWIFT_ACTIVE_COMPILATION_CONDITIONS = DEBUG;
				SWIFT_OPTIMIZATION_LEVEL = "-Onone";
				SWIFT_VERSION = 5.0;
			};
			name = Debug;
		};
		F09AE84CB343199A71F2D01C /* Release */ = {
			isa = XCBuildConfiguration;
			buildSettings = {
				APPLICATION_EXTENSION_API_ONLY = YES;
				ASSETCATALOG_COMPILER_GLOBAL_ACCENT_COLOR_NAME = AccentColor;
				ASSETCATALOG_COMPILER_WIDGET_BACKGROUND_COLOR_NAME = WidgetBackground;
				CODE_SIGN_ENTITLEMENTS = CodexQuotaWidget/CodexQuotaWidget.entitlements;
				COMBINE_HIDPI_IMAGES = YES;
				ENABLE_APP_SANDBOX = YES;
				INFOPLIST_FILE = CodexQuotaWidget/Info.plist;
				LD_RUNPATH_SEARCH_PATHS = "$(inherited) @executable_path/../Frameworks @executable_path/../../../../Frameworks";
				PRODUCT_BUNDLE_IDENTIFIER = "com.Zamisku.Codex-Quota.widget";
				PRODUCT_NAME = CodexQuotaWidgetExtension;
				REGISTER_APP_GROUPS = YES;
				SDKROOT = macosx;
				SKIP_INSTALL = YES;
			};
			name = Release;
		};
/* End XCBuildConfiguration section */

/* Begin XCConfigurationList section */
		0DD9EE05A5F8E86AB388DD40 /* Build configuration list for PBXProject "Codex-Quota" */ = {
			isa = XCConfigurationList;
			buildConfigurations = (
				D5FA6FB4A36232B4F7B3134F /* Debug */,
				718FE5A8F36372645652B282 /* Release */,
			);
			defaultConfigurationIsVisible = 0;
			defaultConfigurationName = Debug;
		};
		662A6B10DB3995D9F3534A8C /* Build configuration list for PBXNativeTarget "Codex-QuotaTests" */ = {
			isa = XCConfigurationList;
			buildConfigurations = (
				59D26B89A042A0649A549EBB /* Debug */,
				3B8FD426514FCC09E7D2C2B2 /* Release */,
			);
			defaultConfigurationIsVisible = 0;
			defaultConfigurationName = Debug;
		};
		67F2336EA63022411DFC11CE /* Build configuration list for PBXNativeTarget "Codex-Quota" */ = {
			isa = XCConfigurationList;
			buildConfigurations = (
				144A03D73FD55AD46A19ACF3 /* Debug */,
				8501B18750C30A6BE4C2C72A /* Release */,
			);
			defaultConfigurationIsVisible = 0;
			defaultConfigurationName = Debug;
		};
		7111C9559F8C03E99F242F40 /* Build configuration list for PBXNativeTarget "CodexQuotaWidgetExtension" */ = {
			isa = XCConfigurationList;
			buildConfigurations = (
				4D24548E3C74ACBC28232D89 /* Debug */,
				F09AE84CB343199A71F2D01C /* Release */,
			);
			defaultConfigurationIsVisible = 0;
			defaultConfigurationName = Debug;
		};
/* End XCConfigurationList section */
	};
	rootObject = A9F2481DB83032FEE409D794 /* Project object */;
}
